// !$*UTF8*$!
{
	archiveVersion = 1;
	classes = {
	};
	objectVersion = 50;
	objects = {

/* Begin PBXBuildFile section */
		D2B0E50920E3AB5500D4D1D2 /* AppDelegate.swift in Sources */ = {isa = PBXBuildFile; fileRef = D2B0E50820E3AB5500D4D1D2 /* AppDelegate.swift */; };
		D2B0E50B20E3AB5500D4D1D2 /* ViewController.swift in Sources */ = {isa = PBXBuildFile; fileRef = D2B0E50A20E3AB5500D4D1D2 /* ViewController.swift */; };
		D2B0E50E20E3AB5500D4D1D2 /* Main.storyboard in Resources */ = {isa = PBXBuildFile; fileRef = D2B0E50C20E3AB5500D4D1D2 /* Main.storyboard */; };
		D2B0E51020E3AB5700D4D1D2 /* Assets.xcassets in Resources */ = {isa = PBXBuildFile; fileRef = D2B0E50F20E3AB5700D4D1D2 /* Assets.xcassets */; };
		D2B0E51320E3AB5700D4D1D2 /* LaunchScreen.storyboard in Resources */ = {isa = PBXBuildFile; fileRef = D2B0E51120E3AB5700D4D1D2 /* LaunchScreen.storyboard */; };
/* End PBXBuildFile section */

/* Begin PBXFileReference section */
		D2B0E50520E3AB5500D4D1D2 /* NagostaStep1.app */ = {isa = PBXFileReference; explicitFileType = wrapper.application; includeInIndex = 0; path = NagostaStep1.app; sourceTree = BUILT_PRODUCTS_DIR; };
		D2B0E50820E3AB5500D4D1D2 /* AppDelegate.swift */ = {isa = PBXFileReference; lastKnownFileType = sourcecode.swift; path = AppDelegate.swift; sourceTree = "<group>"; };
		D2B0E50A20E3AB5500D4D1D2 /* ViewController.swift */ = {isa = PBXFileReference; lastKnownFileType = sourcecode.swift; path = ViewController.swift; sourceTree = "<group>"; };
		D2B0E50D20E3AB5500D4D1D2 /* Base */ = {isa = PBXFileReference; lastKnownFileType = file.storyboard; name = Base; path = Base.lproj/Main.storyboard; sourceTree = "<group>"; };
		D2B0E50F20E3AB5700D4D1D2 /* Assets.xcassets */ = {isa = PBXFileReference; lastKnownFileType = folder.assetcatalog; path = Assets.xcassets; sourceTree = "<group>"; };
		D2B0E51220E3AB5700D4D1D2 /* Base */ = {isa = PBXFileReference; lastKnownFileType = file.storyboard; name = Base; path = Base.lproj/LaunchScreen.storyboard; sourceTree = "<group>"; };
		D2B0E51420E3AB5700D4D1D2 /* Info.plist */ = {isa = PBXFileReference; lastKnownFileType = text.plist.xml; path = Info.plist; sourceTree = "<group>"; };
/* End PBXFileReference section */

/* Begin PBXFrameworksBuildPhase section */
		D2B0E50220E3AB5500D4D1D2 /* Frameworks */ = {
			isa = PBXFrameworksBuildPhase;
			buildActionMask = 2147483647;
			files = (
			);
			runOnlyForDeploymentPostprocessing = 0;
		};
/* End PBXFrameworksBuildPhase section */

/* Begin PBXGroup section */
		D2B0E4FC20E3AB5500D4D1D2 = {
			isa = PBXGroup;
			children = (
				D2B0E50720E3AB5500D4D1D2 /* NagostaStep1 */,
				D2B0E50620E3AB5500D4D1D2 /* Products */,
			);
			sourceTree = "<group>";
		};
		D2B0E50620E3AB5500D4D1D2 /* Products */ = {
			isa = PBXGroup;
			children = (
				D2B0E50520E3AB5500D4D1D2 /* NagostaStep1.app */,
			);
			name = Products;
			sourceTree = "<group>";
		};
		D2B0E50720E3AB5500D4D1D2 /* NagostaStep1 */ = {
			isa = PBXGroup;
			children = (
				D2B0E50820E3AB5500D4D1D2 /* AppDelegate.swift */,
				D2B0E50A20E3AB5500D4D1D2 /* ViewController.swift */,
				D2B0E50C20E3AB5500D4D1D2 /* Main.storyboard */,
				D2B0E50F20E3AB5700D4D1D2 /* Assets.xcassets */,
				D2B0E51120E3AB5700D4D1D2 /* LaunchScreen.storyboard */,
				D2B0E51420E3AB5700D4D1D2 /* Info.plist */,
			);
			path = NagostaStep1;
			sourceTree = "<group>";
		};
/* End PBXGroup section */

/* Begin PBXNativeTarget section */
		D2B0E50420E3AB5500D4D1D2 /* NagostaStep1 */ = {
			isa = PBXNativeTarget;
			buildConfigurationList = D2B0E51720E3AB5700D4D1D2 /* Build configuration list for PBXNativeTarget "NagostaStep1" */;
			buildPhases = (
				D2B0E50120E3AB5500D4D1D2 /* Sources */,
				D2B0E50220E3AB5500D4D1D2 /* Frameworks */,
				D2B0E50320E3AB5500D4D1D2 /* Resources */,
			);
			buildRules = (
			);
			dependencies = (
			);
			name = NagostaStep1;
			productName = NagostaStep1;
			productReference = D2B0E50520E3AB5500D4D1D2 /* NagostaStep1.app */;
			productType = "com.apple.product-type.application";
		};
/* End PBXNativeTarget section */

/* Begin PBXProject section */
		D2B0E4FD20E3AB5500D4D1D2 /* Project object */ = {
			isa = PBXProject;
			attributes = {
				LastSwiftUpdateCheck = 0940;
				LastUpgradeCheck = 0940;
				ORGANIZATIONNAME = hiroyuki.kawai;
				TargetAttributes = {
					D2B0E50420E3AB5500D4D1D2 = {
						CreatedOnToolsVersion = 9.4.1;
					};
				};
			};
			buildConfigurationList = D2B0E50020E3AB5500D4D1D2 /* Build configuration list for PBXProject "NagostaStep1" */;
			compatibilityVersion = "Xcode 9.3";
			developmentRegion = en;
			hasScannedForEncodings = 0;
			knownRegions = (
				en,
				Base,
			);
			mainGroup = D2B0E4FC20E3AB5500D4D1D2;
			productRefGroup = D2B0E50620E3AB5500D4D1D2 /* Products */;
			projectDirPath = "";
			projectRoot = "";
			targets = (
				D2B0E50420E3AB5500D4D1D2 /* NagostaStep1 */,
			);
		};
/* End PBXProject section */

/* Begin PBXResourcesBuildPhase section */
		D2B0E50320E3AB5500D4D1D2 /* Resources */ = {
			isa = PBXResourcesBuildPhase;
			buildActionMask = 2147483647;
			files = (
				D2B0E51320E3AB5700D4D1D2 /* LaunchScreen.storyboard in Resources */,
				D2B0E51020E3AB5700D4D1D2 /* Assets.xcassets in Resources */,
				D2B0E50E20E3AB5500D4D1D2 /* Main.storyboard in Resources */,
			);
			runOnlyForDeploymentPostprocessing = 0;
		};
/* End PBXResourcesBuildPhase section */

/* Begin PBXSourcesBuildPhase section */
		D2B0E50120E3AB5500D4D1D2 /* Sources */ = {
			isa = PBXSourcesBuildPhase;
			buildActionMask = 2147483647;
			files = (
				D2B0E50B20E3AB5500D4D1D2 /* ViewController.swift in Sources */,
				D2B0E50920E3AB5500D4D1D2 /* AppDelegate.swift in Sources */,
			);
			runOnlyForDeploymentPostprocessing = 0;
		};
/* End PBXSourcesBuildPhase section */

/* Begin PBXVariantGroup section */
		D2B0E50C20E3AB5500D4D1D2 /* Main.storyboard */ = {
			isa = PBXVariantGroup;
			children = (
				D2B0E50D20E3AB5500D4D1D2 /* Base */,
			);
			name = Main.storyboard;
			sourceTree = "<group>";
		};
		D2B0E51120E3AB5700D4D1D2 /* LaunchScreen.storyboard */ = {
			isa = PBXVariantGroup;
			children = (
				D2B0E51220E3AB5700D4D1D2 /* Base */,
			);
			name = LaunchScreen.storyboard;
			sourceTree = "<group>";
		};
/* End PBXVariantGroup section */

/* Begin XCBuildConfiguration section */
		D2B0E51520E3AB5700D4D1D2 /* Debug */ = {
			isa = XCBuildConfiguration;
			buildSettings = {
				ALWAYS_SEARCH_USER_PATHS = NO;
				CLANG_ANALYZER_NONNULL = YES;
				CLANG_ANALYZER_NUMBER_OBJECT_CONVERSION = YES_AGGRESSIVE;
				CLANG_CXX_LANGUAGE_STANDARD = "gnu++14";
				CLANG_CXX_LIBRARY = "libc++";
				CLANG_ENABLE_MODULES = YES;
				CLANG_ENABLE_OBJC_ARC = YES;
				CLANG_ENABLE_OBJC_WEAK = YES;
				CLANG_WARN_BLOCK_CAPTURE_AUTORELEASING = YES;
				CLANG_WARN_BOOL_CONVERSION = YES;
				CLANG_WARN_COMMA = YES;
				CLANG_WARN_CONSTANT_CONVERSION = YES;
				CLANG_WARN_DEPRECATED_OBJC_IMPLEMENTATIONS = YES;
				CLANG_WARN_DIRECT_OBJC_ISA_USAGE = YES_ERROR;
				CLANG_WARN_DOCUMENTATION_COMMENTS = YES;
				CLANG_WARN_EMPTY_BODY = YES;
				CLANG_WARN_ENUM_CONVERSION = YES;
				CLANG_WARN_INFINITE_RECURSION = YES;
				CLANG_WARN_INT_CONVERSION = YES;
				CLANG_WARN_NON_LITERAL_NULL_CONVERSION = YES;
				CLANG_WARN_OBJC_IMPLICIT_RETAIN_SELF = YES;
				CLANG_WARN_OBJC_LITERAL_CONVERSION = YES;
				CLANG_WARN_OBJC_ROOT_CLASS = YES_ERROR;
				CLANG_WARN_RANGE_LOOP_ANALYSIS = YES;
				CLANG_WARN_STRICT_PROTOTYPES = YES;
				CLANG_WARN_SUSPICIOUS_MOVE = YES;
				CLANG_WARN_UNGUARDED_AVAILABILITY = YES_AGGRESSIVE;
				CLANG_WARN_UNREACHABLE_CODE = YES;
				CLANG_WARN__DUPLICATE_METHOD_MATCH = YES;
				CODE_SIGN_IDENTITY = "iPhone Developer";
				COPY_PHASE_STRIP = NO;
				DEBUG_INFORMATION_FORMAT = dwarf;
				ENABLE_STRICT_OBJC_MSGSEND = YES;
				ENABLE_TESTABILITY = YES;
				GCC_C_LANGUAGE_STANDARD = gnu11;
				GCC_DYNAMIC_NO_PIC = NO;
				GCC_NO_COMMON_BLOCKS = YES;
				GCC_OPTIMIZATION_LEVEL = 0;
				GCC_PREPROCESSOR_DEFINITIONS = (
					"DEBUG=1",
					"$(inherited)",
				);
				GCC_WARN_64_TO_32_BIT_CONVERSION = YES;
				GCC_WARN_ABOUT_RETURN_TYPE = YES_ERROR;
				GCC_WARN_UNDECLARED_SELECTOR = YES;
				GCC_WARN_UNINITIALIZED_AUTOS = YES_AGGRESSIVE;
				GCC_WARN_UNUSED_FUNCTION = YES;
				GCC_WARN_UNUSED_VARIABLE = YES;
				IPHONEOS_DEPLOYMENT_TARGET = 11.4;
				MTL_ENABLE_DEBUG_INFO = YES;
				ONLY_ACTIVE_ARCH = YES;
				SDKROOT = iphoneos;
				SWIFT_ACTIVE_COMPILATION_CONDITIONS = DEBUG;
				SWIFT_OPTIMIZATION_LEVEL = "-Onone";
			};
			name = Debug;
		};
		D2B0E51620E3AB5700D4D1D2 /* Release */ = {
			isa = XCBuildConfiguration;
			buildSettings = {
				ALWAYS_SEARCH_USER_PATHS = NO;
				CLANG_ANALYZER_NONNULL = YES;
				CLANG_ANALYZER_NUMBER_OBJECT_CONVERSION = YES_AGGRESSIVE;
				CLANG_CXX_LANGUAGE_STANDARD = "gnu++14";
				CLANG_CXX_LIBRARY = "libc++";
				CLANG_ENABLE_MODULES = YES;
				CLANG_ENABLE_OBJC_ARC = YES;
				CLANG_ENABLE_OBJC_WEAK = YES;
				CLANG_WARN_BLOCK_CAPTURE_AUTORELEASING = YES;
				CLANG_WARN_BOOL_CONVERSION = YES;
				CLANG_WARN_COMMA = YES;
				CLANG_WARN_CONSTANT_CONVERSION = YES;
				CLANG_WARN_DEPRECATED_OBJC_IMPLEMENTATIONS = YES;
				CLANG_WARN_DIRECT_OBJC_ISA_USAGE = YES_ERROR;
				CLANG_WARN_DOCUMENTATION_COMMENTS = YES;
				CLANG_WARN_EMPTY_BODY = YES;
				CLANG_WARN_ENUM_CONVERSION = YES;
				CLANG_WARN_INFINITE_RECURSION = YES;
				CLANG_WARN_INT_CONVERSION = YES;
				CLANG_WARN_NON_LITERAL_NULL_CONVERSION = YES;
				CLANG_WARN_OBJC_IMPLICIT_RETAIN_SELF = YES;
				CLANG_WARN_OBJC_LITERAL_CONVERSION = YES;
				CLANG_WARN_OBJC_ROOT_CLASS = YES_ERROR;
				CLANG_WARN_RANGE_LOOP_ANALYSIS = YES;
				CLANG_WARN_STRICT_PROTOTYPES = YES;
				CLANG_WARN_SUSPICIOUS_MOVE = YES;
				CLANG_WARN_UNGUARDED_AVAILABILITY = YES_AGGRESSIVE;
				CLANG_WARN_UNREACHABLE_CODE = YES;
				CLANG_WARN__DUPLICATE_METHOD_MATCH = YES;
				CODE_SIGN_IDENTITY = "iPhone Developer";
				COPY_PHASE_STRIP = NO;
				DEBUG_INFORMATION_FORMAT = "dwarf-with-dsym";
				ENABLE_NS_ASSERTIONS = NO;
				ENABLE_STRICT_OBJC_MSGSEND = YES;
				GCC_C_LANGUAGE_STANDARD = gnu11;
				GCC_NO_COMMON_BLOCKS = YES;
				GCC_WARN_64_TO_32_BIT_CONVERSION = YES;
				GCC_WARN_ABOUT_RETURN_TYPE = YES_ERROR;
				GCC_WARN_UNDECLARED_SELECTOR = YES;
				GCC_WARN_UNINITIALIZED_AUTOS = YES_AGGRESSIVE;
				GCC_WARN_UNUSED_FUNCTION = YES;
				GCC_WARN_UNUSED_VARIABLE = YES;
				IPHONEOS_DEPLOYMENT_TARGET = 11.4;
				MTL_ENABLE_DEBUG_INFO = NO;
				SDKROOT = iphoneos;
				SWIFT_COMPILATION_MODE = wholemodule;
				SWIFT_OPTIMIZATION_LEVEL = "-O";
				VALIDATE_PRODUCT = YES;
			};
			name = Release;
		};
		D2B0E51820E3AB5700D4D1D2 /* Debug */ = {
			isa = XCBuildConfiguration;
			buildSettings = {
				ASSETCATALOG_COMPILER_APPICON_NAME = AppIcon;
				CODE_SIGN_STYLE = Automatic;
				DEVELOPMENT_TEAM = "";
				INFOPLIST_FILE = NagostaStep1/Info.plist;
				LD_RUNPATH_SEARCH_PATHS = (
					"$(inherited)",
					"@executable_path/Frameworks",
				);
				PRODUCT_BUNDLE_IDENTIFIER = com.nagosta1.NagostaStep1;
				PRODUCT_NAME = "$(TARGET_NAME)";
				SWIFT_VERSION = 4.0;
				TARGETED_DEVICE_FAMILY = "1,2";
			};
			name = Debug;
		};
		D2B0E51920E3AB5700D4D1D2 /* Release */ = {
			isa = XCBuildConfiguration;
			buildSettings = {
				ASSETCATALOG_COMPILER_APPICON_NAME = AppIcon;
				CODE_SIGN_STYLE = Automatic;
				DEVELOPMENT_TEAM = "";
				INFOPLIST_FILE = NagostaStep1/Info.plist;
				LD_RUNPATH_SEARCH_PATHS = (
					"$(inherited)",
					"@executable_path/Frameworks",
				);
				PRODUCT_BUNDLE_IDENTIFIER = com.nagosta1.NagostaStep1;
				PRODUCT_NAME = "$(TARGET_NAME)";
				SWIFT_VERSION = 4.0;
				TARGETED_DEVICE_FAMILY = "1,2";
			};
			name = Release;
		};
/* End XCBuildConfiguration section */

/* Begin XCConfigurationList section */
		D2B0E50020E3AB5500D4D1D2 /* Build configuration list for PBXProject "NagostaStep1" */ = {
			isa = XCConfigurationList;
			buildConfigurations = (
				D2B0E51520E3AB5700D4D1D2 /* Debug */,
				D2B0E51620E3AB5700D4D1D2 /* Release */,
			);
			defaultConfigurationIsVisible = 0;
			defaultConfigurationName = Release;
		};
		D2B0E51720E3AB5700D4D1D2 /* Build configuration list for PBXNativeTarget "NagostaStep1" */ = {
			isa = XCConfigurationList;
			buildConfigurations = (
				D2B0E51820E3AB5700D4D1D2 /* Debug */,
				D2B0E51920E3AB5700D4D1D2 /* Release */,
			);
			defaultConfigurationIsVisible = 0;
			defaultConfigurationName = Release;
		};
/* End XCConfigurationList section */
	};
	rootObject = D2B0E4FD20E3AB5500D4D1D2 /* Project object */;
}
